<?xml version="1.0" encoding="utf-8"?>
<Project ToolsVersion="4.0" xmlns="http://schemas.microsoft.com/developer/msbuild/2003">
  <ItemGroup>
    <Filter Include="소스 파일">
      <UniqueIdentifier>{4FC737F1-C7A5-4376-A066-2A32D752A2FF}</UniqueIdentifier>
      <Extensions>cpp;c;cc;cxx;def;odl;idl;hpj;bat;asm;asmx</Extensions>
    </Filter>
    <Filter Include="헤더 파일">
      <UniqueIdentifier>{93995380-89BD-4b04-88EB-625FBE52EBFB}</UniqueIdentifier>
      <Extensions>h;hh;hpp;hxx;hm;inl;inc;xsd</Extensions>
    </Filter>
    <Filter Include="리소스 파일">
      <UniqueIdentifier>{67DA6AB6-F800-4c08-8B7A-83BB121AAD01}</UniqueIdentifier>
      <Extensions>rc;ico;cur;bmp;dlg;rc2;rct;bin;rgs;gif;jpg;jpeg;jpe;resx;tiff;tif;png;wav;mfcribbon-ms</Extensions>
    </Filter>
    <Filter Include="소스 파일\Ctroller">
      <UniqueIdentifier>{77ae31c6-81e3-457a-8935-d98069edef59}</UniqueIdentifier>
    </Filter>
    <Filter Include="헤더 파일\Ctroller">
      <UniqueIdentifier>{e6cc01f7-09ed-4931-9802-781caf7b5dc4}</UniqueIdentifier>
    </Filter>
    <Filter Include="소스 파일\View">
      <UniqueIdentifier>{f3b78417-15c6-478d-85eb-4b64903f601a}</UniqueIdentifier>
    </Filter>
    <Filter Include="헤더 파일\View">
      <UniqueIdentifier>{a295d024-10b2-4752-ac0c-f211d62457b3}</UniqueIdentifier>
    </Filter>
    <Filter Include="소스 파일\Data">
      <UniqueIdentifier>{8196a860-0f23-4786-970c-2c1ad2532792}</UniqueIdentifier>
    </Filter>
    <Filter Include="헤더 파일\Data">
      <UniqueIdentifier>{962f6a40-60f3-4f91-bae8-0f298c545edd}</UniqueIdentifier>
    </Filter>
  </ItemGroup>
  <ItemGroup>
    <ClCompile Include="main.cpp">
      <Filter>소스 파일</Filter>
    </ClCompile>
    <ClCompile Include="DoubleBuffer.cpp">
      <Filter>소스 파일</Filter>
    </ClCompile>
    <ClCompile Include="Game.cpp">
      <Filter>소스 파일\Ctroller</Filter>
    </ClCompile>
    <ClCompile Include="Restart.cpp">
      <Filter>소스 파일\Ctroller</Filter>
    </ClCompile>
    <ClCompile Include="MainMenu.cpp">
      <Filter>소스 파일\Ctroller</Filter>
    </ClCompile>
    <ClCompile Include="View.cpp">
      <Filter>소스 파일\View</Filter>
    </ClCompile>
    <ClCompile Include="MainMenuView.cpp">
      <Filter>소스 파일\View</Filter>
    </ClCompile>
    <ClCompile Include="GameView.cpp">
      <Filter>소스 파일\View</Filter>
    </ClCompile>
    <ClCompile Include="RestartView.cpp">
      <Filter>소스 파일\View</Filter>
    </ClCompile>
    <ClCompile Include="Map.cpp">
      <Filter>소스 파일\Data</Filter>
    </ClCompile>
    <ClCompile Include="MapView.cpp">
      <Filter>소스 파일\View</Filter>
    </ClCompile>
    <ClCompile Include="SnakeView.cpp">
      <Filter>소스 파일\View</Filter>
    </ClCompile>
    <ClCompile Include="Snake.cpp">
      <Filter>소스 파일\Data</Filter>
    </ClCompile>
    <ClCompile Include="SnakeBody.cpp">
      <Filter>소스 파일\Data</Filter>
    </ClCompile>
    <ClCompile Include="SnakeCtrl.cpp">
      <Filter>소스 파일\Ctroller</Filter>
    </ClCompile>
    <ClCompile Include="MapCtrl.cpp">
      <Filter>소스 파일\Ctroller</Filter>
    </ClCompile>
    <ClCompile Include="Item.cpp">
      <Filter>소스 파일\Data</Filter>
    </ClCompile>
    <ClCompile Include="ItemCtrl.cpp">
      <Filter>소스 파일\Ctroller</Filter>
    </ClCompile>
    <ClCompile Include="Items.cpp">
      <Filter>소스 파일\Data</Filter>
    </ClCompile>
    <ClCompile Include="ItemsView.cpp">
      <Filter>소스 파일\View</Filter>
    </ClCompile>
    <ClCompile Include="Score.cpp">
      <Filter>소스 파일\Data</Filter>
    </ClCompile>
    <ClCompile Include="ScoreCtrl.cpp">
      <Filter>소스 파일\Ctroller</Filter>
    </ClCompile>
    <ClCompile Include="ScoreView.cpp">
      <Filter>소스 파일</Filter>
    </ClCompile>
  </ItemGroup>
  <ItemGroup>
    <ClInclude Include="Data.h">
      <Filter>헤더 파일</Filter>
    </ClInclude>
    <ClInclude Include="DoubleBuffer.h">
      <Filter>헤더 파일</Filter>
    </ClInclude>
    <ClInclude Include="Controller.h">
      <Filter>헤더 파일\Ctroller</Filter>
    </ClInclude>
    <ClInclude Include="MainMenu.h">
      <Filter>헤더 파일\Ctroller</Filter>
    </ClInclude>
    <ClInclude Include="Game.h">
      <Filter>헤더 파일\Ctroller</Filter>
    </ClInclude>
    <ClInclude Include="Restart.h">
      <Filter>헤더 파일\Ctroller</Filter>
    </ClInclude>
    <ClInclude Include="View.h">
      <Filter>헤더 파일\View</Filter>
    </ClInclude>
    <ClInclude Include="MainMenuView.h">
      <Filter>헤더 파일\View</Filter>
    </ClInclude>
    <ClInclude Include="GameView.h">
      <Filter>헤더 파일\View</Filter>
    </ClInclude>
    <ClInclude Include="RestartView.h">
      <Filter>헤더 파일\View</Filter>
    </ClInclude>
    <ClInclude Include="GameObj.h">
      <Filter>헤더 파일</Filter>
    </ClInclude>
    <ClInclude Include="Map.h">
      <Filter>헤더 파일\Data</Filter>
    </ClInclude>
    <ClInclude Include="MapView.h">
      <Filter>헤더 파일\View</Filter>
    </ClInclude>
    <ClInclude Include="MapCtrl.h">
      <Filter>헤더 파일\Ctroller</Filter>
    </ClInclude>
    <ClInclude Include="SnakeCtrl.h">
      <Filter>헤더 파일\Ctroller</Filter>
    </ClInclude>
    <ClInclude Include="SnakeView.h">
      <Filter>헤더 파일\View</Filter>
    </ClInclude>
    <ClInclude Include="Snake.h">
      <Filter>헤더 파일\Data</Filter>
    </ClInclude>
    <ClInclude Include="SnakeBody.h">
      <Filter>헤더 파일\Data</Filter>
    </ClInclude>
    <ClInclude Include="Item.h">
      <Filter>헤더 파일\Data</Filter>
    </ClInclude>
    <ClInclude Include="ItemCtrl.h">
      <Filter>헤더 파일\Ctroller</Filter>
    </ClInclude>
    <ClInclude Include="Items.h">
      <Filter>헤더 파일\Data</Filter>
    </ClInclude>
    <ClInclude Include="ItemsView.h">
      <Filter>헤더 파일\View</Filter>
    </ClInclude>
    <ClInclude Include="ScoreCtrl.h">
      <Filter>헤더 파일\Ctroller</Filter>
    </ClInclude>
    <ClInclude Include="Score.h">
      <Filter>헤더 파일\Data</Filter>
    </ClInclude>
    <ClInclude Include="ScoreView.h">
      <Filter>헤더 파일</Filter>
    </ClInclude>
  </ItemGroup>
</Project>